
Microsoft Visual Studio Solution File, Format Version 12.00
# Visual Studio Version 16
VisualStudioVersion = 16.0.29806.167
MinimumVisualStudioVersion = 10.0.40219.1
Project("{9A19103F-16F7-4668-BE54-9A1E7A4F7556}") = "ECatcher", "ECatcher.csproj", "{82D05B39-EA1C-47F7-ADD8-E879BD87434F}"
EndProject
Global
	GlobalSection(SolutionConfigurationPlatforms) = preSolution
		Debug|Any CPU = Debug|Any CPU
		Release|Any CPU = Release|Any CPU
	EndGlobalSection
	GlobalSection(ProjectConfigurationPlatforms) = postSolution
		{82D05B39-EA1C-47F7-ADD8-E879BD87434F}.Debug|Any CPU.ActiveCfg = Debug|Any CPU
		{82D05B39-EA1C-47F7-ADD8-E879BD87434F}.Debug|Any CPU.Build.0 = Debug|Any CPU
		{82D05B39-EA1C-47F7-ADD8-E879BD87434F}.Release|Any CPU.ActiveCfg = Debug|Any CPU
		{82D05B39-EA1C-47F7-ADD8-E879BD87434F}.Release|Any CPU.Build.0 = Debug|Any CPU
	EndGlobalSection
	GlobalSection(SolutionProperties) = preSolution
		HideSolutionNode = FALSE
	EndGlobalSection
	GlobalSection(ExtensibilityGlobals) = postSolution
		SolutionGuid = {D0AC229E-35AE-4333-ADCC-2C09F82AAA6D}
	EndGlobalSection
EndGlobal
